
Microsoft Visual Studio Solution File, Format Version 12.00
# Visual Studio Version 17
VisualStudioVersion = 17.0.31903.59
MinimumVisualStudioVersion = 10.0.40219.1
Project("{2150E333-8FDC-42A3-9474-1A3956D46DE8}") = "src", "src", "{827E0CD3-B72D-47B6-A68D-7590B98EB39B}"
EndProject
Project("{2150E333-8FDC-42A3-9474-1A3956D46DE8}") = "core", "core", "{8D626EA8-CB54-BC41-363A-217881BEBA6E}"
EndProject
Project("{FAE04EC0-301F-11D3-BF4B-00C04F79EFBC}") = "bOps.Abstractions", "src\core\bOps.Abstractions\bOps.Abstractions.csproj", "{7963EDBA-5606-41DC-B3C7-372D0598DD97}"
EndProject
Project("{FAE04EC0-301F-11D3-BF4B-00C04F79EFBC}") = "bOps.Audit", "src\core\bOps.Audit\bOps.Audit.csproj", "{35402017-EAF9-4567-BCF3-812E697D16BA}"
EndProject
Project("{FAE04EC0-301F-11D3-BF4B-00C04F79EFBC}") = "bOps.Cli", "src\core\bOps.Cli\bOps.Cli.csproj", "{35CA16F4-9AB8-4CC0-B81A-8794FF50164F}"
EndProject
Project("{FAE04EC0-301F-11D3-BF4B-00C04F79EFBC}") = "bOps.Runtime", "src\core\bOps.Runtime\bOps.Runtime.csproj", "{9180643E-7B78-4197-9AFB-FD8C65FB7519}"
EndProject
Project("{2150E333-8FDC-42A3-9474-1A3956D46DE8}") = "packages", "packages", "{B6D9E8C2-2EE9-76DA-9587-0A51DFA702B5}"
EndProject
Project("{FAE04EC0-301F-11D3-BF4B-00C04F79EFBC}") = "bOps.Packages.System.Windows", "src\packages\bOps.Packages.System.Windows\bOps.Packages.System.Windows.csproj", "{25EC1AA8-3545-4881-8A3F-39DBEF3F6781}"
EndProject
Project("{FAE04EC0-301F-11D3-BF4B-00C04F79EFBC}") = "bOps.Packages.System.Core", "src\packages\bOps.Packages.System.Core\bOps.Packages.System.Core.csproj", "{56CFADF6-18F5-4868-8B0F-720C67DEFA76}"
EndProject
Project("{FAE04EC0-301F-11D3-BF4B-00C04F79EFBC}") = "bOps.Packages.System.Linux", "src\packages\bOps.Packages.System.Linux\bOps.Packages.System.Linux.csproj", "{2EE49977-B2D9-4395-956E-21FF0E0104AB}"
EndProject
Project("{FAE04EC0-301F-11D3-BF4B-00C04F79EFBC}") = "bOps.Packages.Providers.OpenRouter", "src\packages\bOps.Packages.Providers.OpenRouter\bOps.Packages.Providers.OpenRouter.csproj", "{914F846E-CA2F-414D-95FD-C91F2DD8D0A6}"
EndProject
Project("{FAE04EC0-301F-11D3-BF4B-00C04F79EFBC}") = "bOps.Packages.Providers.OpenAiCompatible", "src\packages\bOps.Packages.Providers.OpenAiCompatible\bOps.Packages.Providers.OpenAiCompatible.csproj", "{FD4F250C-008E-414D-986A-2D01E0FE6436}"
EndProject
Project("{FAE04EC0-301F-11D3-BF4B-00C04F79EFBC}") = "bOps.Packages.Providers.Ollama", "src\packages\bOps.Packages.Providers.Ollama\bOps.Packages.Providers.Ollama.csproj", "{1264C35B-5B22-49D0-8BBF-73F0FF0B369D}"
EndProject
Project("{FAE04EC0-301F-11D3-BF4B-00C04F79EFBC}") = "bOps.Packages.Providers.LlamaCpp", "src\packages\bOps.Packages.Providers.LlamaCpp\bOps.Packages.Providers.LlamaCpp.csproj", "{BCAB70D2-4721-4BA2-B1F7-B31840281796}"
EndProject
Project("{2150E333-8FDC-42A3-9474-1A3956D46DE8}") = "tests", "tests", "{0AB3BF05-4346-4AA6-1389-037BE0695223}"
EndProject
Project("{FAE04EC0-301F-11D3-BF4B-00C04F79EFBC}") = "bOps.Packages.System.Conformance", "tests\bOps.Packages.System.Conformance\bOps.Packages.System.Conformance.csproj", "{A2E7D5B5-CE21-41D0-B76A-8C7A1F7669D6}"
EndProject
Project("{FAE04EC0-301F-11D3-BF4B-00C04F79EFBC}") = "bOps.Packages.System.Linux.Tests", "tests\bOps.Packages.System.Linux.Tests\bOps.Packages.System.Linux.Tests.csproj", "{41D9B34B-93AD-459B-875B-C4E7253AA76B}"
EndProject
Project("{FAE04EC0-301F-11D3-BF4B-00C04F79EFBC}") = "bOps.Packages.System.Windows.Tests", "tests\bOps.Packages.System.Windows.Tests\bOps.Packages.System.Windows.Tests.csproj", "{82613CA6-BD1C-40A1-89B2-662D7645BCE3}"
EndProject
Project("{FAE04EC0-301F-11D3-BF4B-00C04F79EFBC}") = "bOps.Runtime.Tests", "tests\bOps.Runtime.Tests\bOps.Runtime.Tests.csproj", "{37EB13C0-C1B4-4359-98FA-DADBDEB17843}"
EndProject
Global
	GlobalSection(SolutionConfigurationPlatforms) = preSolution
		Debug|Any CPU = Debug|Any CPU
		Debug|x64 = Debug|x64
		Debug|x86 = Debug|x86
		Release|Any CPU = Release|Any CPU
		Release|x64 = Release|x64
		Release|x86 = Release|x86
	EndGlobalSection
	GlobalSection(ProjectConfigurationPlatforms) = postSolution
		{7963EDBA-5606-41DC-B3C7-372D0598DD97}.Debug|Any CPU.ActiveCfg = Debug|Any CPU
		{7963EDBA-5606-41DC-B3C7-372D0598DD97}.Debug|Any CPU.Build.0 = Debug|Any CPU
		{7963EDBA-5606-41DC-B3C7-372D0598DD97}.Debug|x64.ActiveCfg = Debug|Any CPU
		{7963EDBA-5606-41DC-B3C7-372D0598DD97}.Debug|x64.Build.0 = Debug|Any CPU
		{7963EDBA-5606-41DC-B3C7-372D0598DD97}.Debug|x86.ActiveCfg = Debug|Any CPU
		{7963EDBA-5606-41DC-B3C7-372D0598DD97}.Debug|x86.Build.0 = Debug|Any CPU
		{7963EDBA-5606-41DC-B3C7-372D0598DD97}.Release|Any CPU.ActiveCfg = Release|Any CPU
		{7963EDBA-5606-41DC-B3C7-372D0598DD97}.Release|Any CPU.Build.0 = Release|Any CPU
		{7963EDBA-5606-41DC-B3C7-372D0598DD97}.Release|x64.ActiveCfg = Release|Any CPU
		{7963EDBA-5606-41DC-B3C7-372D0598DD97}.Release|x64.Build.0 = Release|Any CPU
		{7963EDBA-5606-41DC-B3C7-372D0598DD97}.Release|x86.ActiveCfg = Release|Any CPU
		{7963EDBA-5606-41DC-B3C7-372D0598DD97}.Release|x86.Build.0 = Release|Any CPU
		{35402017-EAF9-4567-BCF3-812E697D16BA}.Debug|Any CPU.ActiveCfg = Debug|Any CPU
		{35402017-EAF9-4567-BCF3-812E697D16BA}.Debug|Any CPU.Build.0 = Debug|Any CPU
		{35402017-EAF9-4567-BCF3-812E697D16BA}.Debug|x64.ActiveCfg = Debug|Any CPU
		{35402017-EAF9-4567-BCF3-812E697D16BA}.Debug|x64.Build.0 = Debug|Any CPU
		{35402017-EAF9-4567-BCF3-812E697D16BA}.Debug|x86.ActiveCfg = Debug|Any CPU
		{35402017-EAF9-4567-BCF3-812E697D16BA}.Debug|x86.Build.0 = Debug|Any CPU
		{35402017-EAF9-4567-BCF3-812E697D16BA}.Release|Any CPU.ActiveCfg = Release|Any CPU
		{35402017-EAF9-4567-BCF3-812E697D16BA}.Release|Any CPU.Build.0 = Release|Any CPU
		{35402017-EAF9-4567-BCF3-812E697D16BA}.Release|x64.ActiveCfg = Release|Any CPU
		{35402017-EAF9-4567-BCF3-812E697D16BA}.Release|x64.Build.0 = Release|Any CPU
		{35402017-EAF9-4567-BCF3-812E697D16BA}.Release|x86.ActiveCfg = Release|Any CPU
		{35402017-EAF9-4567-BCF3-812E697D16BA}.Release|x86.Build.0 = Release|Any CPU
		{35CA16F4-9AB8-4CC0-B81A-8794FF50164F}.Debug|Any CPU.ActiveCfg = Debug|Any CPU
		{35CA16F4-9AB8-4CC0-B81A-8794FF50164F}.Debug|Any CPU.Build.0 = Debug|Any CPU
		{35CA16F4-9AB8-4CC0-B81A-8794FF50164F}.Debug|x64.ActiveCfg = Debug|Any CPU
		{35CA16F4-9AB8-4CC0-B81A-8794FF50164F}.Debug|x64.Build.0 = Debug|Any CPU
		{35CA16F4-9AB8-4CC0-B81A-8794FF50164F}.Debug|x86.ActiveCfg = Debug|Any CPU
		{35CA16F4-9AB8-4CC0-B81A-8794FF50164F}.Debug|x86.Build.0 = Debug|Any CPU
		{35CA16F4-9AB8-4CC0-B81A-8794FF50164F}.Release|Any CPU.ActiveCfg = Release|Any CPU
		{35CA16F4-9AB8-4CC0-B81A-8794FF50164F}.Release|Any CPU.Build.0 = Release|Any CPU
		{35CA16F4-9AB8-4CC0-B81A-8794FF50164F}.Release|x64.ActiveCfg = Release|Any CPU
		{35CA16F4-9AB8-4CC0-B81A-8794FF50164F}.Release|x64.Build.0 = Release|Any CPU
		{35CA16F4-9AB8-4CC0-B81A-8794FF50164F}.Release|x86.ActiveCfg = Release|Any CPU
		{35CA16F4-9AB8-4CC0-B81A-8794FF50164F}.Release|x86.Build.0 = Release|Any CPU
		{9180643E-7B78-4197-9AFB-FD8C65FB7519}.Debug|Any CPU.ActiveCfg = Debug|Any CPU
		{9180643E-7B78-4197-9AFB-FD8C65FB7519}.Debug|Any CPU.Build.0 = Debug|Any CPU
		{9180643E-7B78-4197-9AFB-FD8C65FB7519}.Debug|x64.ActiveCfg = Debug|Any CPU
		{9180643E-7B78-4197-9AFB-FD8C65FB7519}.Debug|x64.Build.0 = Debug|Any CPU
		{9180643E-7B78-4197-9AFB-FD8C65FB7519}.Debug|x86.ActiveCfg = Debug|Any CPU
		{9180643E-7B78-4197-9AFB-FD8C65FB7519}.Debug|x86.Build.0 = Debug|Any CPU
		{9180643E-7B78-4197-9AFB-FD8C65FB7519}.Release|Any CPU.ActiveCfg = Release|Any CPU
		{9180643E-7B78-4197-9AFB-FD8C65FB7519}.Release|Any CPU.Build.0 = Release|Any CPU
		{9180643E-7B78-4197-9AFB-FD8C65FB7519}.Release|x64.ActiveCfg = Release|Any CPU
		{9180643E-7B78-4197-9AFB-FD8C65FB7519}.Release|x64.Build.0 = Release|Any CPU
		{9180643E-7B78-4197-9AFB-FD8C65FB7519}.Release|x86.ActiveCfg = Release|Any CPU
		{9180643E-7B78-4197-9AFB-FD8C65FB7519}.Release|x86.Build.0 = Release|Any CPU
		{25EC1AA8-3545-4881-8A3F-39DBEF3F6781}.Debug|Any CPU.ActiveCfg = Debug|Any CPU
		{25EC1AA8-3545-4881-8A3F-39DBEF3F6781}.Debug|Any CPU.Build.0 = Debug|Any CPU
		{25EC1AA8-3545-4881-8A3F-39DBEF3F6781}.Debug|x64.ActiveCfg = Debug|Any CPU
		{25EC1AA8-3545-4881-8A3F-39DBEF3F6781}.Debug|x64.Build.0 = Debug|Any CPU
		{25EC1AA8-3545-4881-8A3F-39DBEF3F6781}.Debug|x86.ActiveCfg = Debug|Any CPU
		{25EC1AA8-3545-4881-8A3F-39DBEF3F6781}.Debug|x86.Build.0 = Debug|Any CPU
		{25EC1AA8-3545-4881-8A3F-39DBEF3F6781}.Release|Any CPU.ActiveCfg = Release|Any CPU
		{25EC1AA8-3545-4881-8A3F-39DBEF3F6781}.Release|Any CPU.Build.0 = Release|Any CPU
		{25EC1AA8-3545-4881-8A3F-39DBEF3F6781}.Release|x64.ActiveCfg = Release|Any CPU
		{25EC1AA8-3545-4881-8A3F-39DBEF3F6781}.Release|x64.Build.0 = Release|Any CPU
		{25EC1AA8-3545-4881-8A3F-39DBEF3F6781}.Release|x86.ActiveCfg = Release|Any CPU
		{25EC1AA8-3545-4881-8A3F-39DBEF3F6781}.Release|x86.Build.0 = Release|Any CPU
		{56CFADF6-18F5-4868-8B0F-720C67DEFA76}.Debug|Any CPU.ActiveCfg = Debug|Any CPU
		{56CFADF6-18F5-4868-8B0F-720C67DEFA76}.Debug|Any CPU.Build.0 = Debug|Any CPU
		{56CFADF6-18F5-4868-8B0F-720C67DEFA76}.Debug|x64.ActiveCfg = Debug|Any CPU
		{56CFADF6-18F5-4868-8B0F-720C67DEFA76}.Debug|x64.Build.0 = Debug|Any CPU
		{56CFADF6-18F5-4868-8B0F-720C67DEFA76}.Debug|x86.ActiveCfg = Debug|Any CPU
		{56CFADF6-18F5-4868-8B0F-720C67DEFA76}.Debug|x86.Build.0 = Debug|Any CPU
		{56CFADF6-18F5-4868-8B0F-720C67DEFA76}.Release|Any CPU.ActiveCfg = Release|Any CPU
		{56CFADF6-18F5-4868-8B0F-720C67DEFA76}.Release|Any CPU.Build.0 = Release|Any CPU
		{56CFADF6-18F5-4868-8B0F-720C67DEFA76}.Release|x64.ActiveCfg = Release|Any CPU
		{56CFADF6-18F5-4868-8B0F-720C67DEFA76}.Release|x64.Build.0 = Release|Any CPU
		{56CFADF6-18F5-4868-8B0F-720C67DEFA76}.Release|x86.ActiveCfg = Release|Any CPU
		{56CFADF6-18F5-4868-8B0F-720C67DEFA76}.Release|x86.Build.0 = Release|Any CPU
		{2EE49977-B2D9-4395-956E-21FF0E0104AB}.Debug|Any CPU.ActiveCfg = Debug|Any CPU
		{2EE49977-B2D9-4395-956E-21FF0E0104AB}.Debug|Any CPU.Build.0 = Debug|Any CPU
		{2EE49977-B2D9-4395-956E-21FF0E0104AB}.Debug|x64.ActiveCfg = Debug|Any CPU
		{2EE49977-B2D9-4395-956E-21FF0E0104AB}.Debug|x64.Build.0 = Debug|Any CPU
		{2EE49977-B2D9-4395-956E-21FF0E0104AB}.Debug|x86.ActiveCfg = Debug|Any CPU
		{2EE49977-B2D9-4395-956E-21FF0E0104AB}.Debug|x86.Build.0 = Debug|Any CPU
		{2EE49977-B2D9-4395-956E-21FF0E0104AB}.Release|Any CPU.ActiveCfg = Release|Any CPU
		{2EE49977-B2D9-4395-956E-21FF0E0104AB}.Release|Any CPU.Build.0 = Release|Any CPU
		{2EE49977-B2D9-4395-956E-21FF0E0104AB}.Release|x64.ActiveCfg = Release|Any CPU
		{2EE49977-B2D9-4395-956E-21FF0E0104AB}.Release|x64.Build.0 = Release|Any CPU
		{2EE49977-B2D9-4395-956E-21FF0E0104AB}.Release|x86.ActiveCfg = Release|Any CPU
		{2EE49977-B2D9-4395-956E-21FF0E0104AB}.Release|x86.Build.0 = Release|Any CPU
		{914F846E-CA2F-414D-95FD-C91F2DD8D0A6}.Debug|Any CPU.ActiveCfg = Debug|Any CPU
		{914F846E-CA2F-414D-95FD-C91F2DD8D0A6}.Debug|Any CPU.Build.0 = Debug|Any CPU
		{914F846E-CA2F-414D-95FD-C91F2DD8D0A6}.Debug|x64.ActiveCfg = Debug|Any CPU
		{914F846E-CA2F-414D-95FD-C91F2DD8D0A6}.Debug|x64.Build.0 = Debug|Any CPU
		{914F846E-CA2F-414D-95FD-C91F2DD8D0A6}.Debug|x86.ActiveCfg = Debug|Any CPU
		{914F846E-CA2F-414D-95FD-C91F2DD8D0A6}.Debug|x86.Build.0 = Debug|Any CPU
		{914F846E-CA2F-414D-95FD-C91F2DD8D0A6}.Release|Any CPU.ActiveCfg = Release|Any CPU
		{914F846E-CA2F-414D-95FD-C91F2DD8D0A6}.Release|Any CPU.Build.0 = Release|Any CPU
		{914F846E-CA2F-414D-95FD-C91F2DD8D0A6}.Release|x64.ActiveCfg = Release|Any CPU
		{914F846E-CA2F-414D-95FD-C91F2DD8D0A6}.Release|x64.Build.0 = Release|Any CPU
		{914F846E-CA2F-414D-95FD-C91F2DD8D0A6}.Release|x86.ActiveCfg = Release|Any CPU
		{914F846E-CA2F-414D-95FD-C91F2DD8D0A6}.Release|x86.Build.0 = Release|Any CPU
		{FD4F250C-008E-414D-986A-2D01E0FE6436}.Debug|Any CPU.ActiveCfg = Debug|Any CPU
		{FD4F250C-008E-414D-986A-2D01E0FE6436}.Debug|Any CPU.Build.0 = Debug|Any CPU
		{FD4F250C-008E-414D-986A-2D01E0FE6436}.Debug|x64.ActiveCfg = Debug|Any CPU
		{FD4F250C-008E-414D-986A-2D01E0FE6436}.Debug|x64.Build.0 = Debug|Any CPU
		{FD4F250C-008E-414D-986A-2D01E0FE6436}.Debug|x86.ActiveCfg = Debug|Any CPU
		{FD4F250C-008E-414D-986A-2D01E0FE6436}.Debug|x86.Build.0 = Debug|Any CPU
		{FD4F250C-008E-414D-986A-2D01E0FE6436}.Release|Any CPU.ActiveCfg = Release|Any CPU
		{FD4F250C-008E-414D-986A-2D01E0FE6436}.Release|Any CPU.Build.0 = Release|Any CPU
		{FD4F250C-008E-414D-986A-2D01E0FE6436}.Release|x64.ActiveCfg = Release|Any CPU
		{FD4F250C-008E-414D-986A-2D01E0FE6436}.Release|x64.Build.0 = Release|Any CPU
		{FD4F250C-008E-414D-986A-2D01E0FE6436}.Release|x86.ActiveCfg = Release|Any CPU
		{FD4F250C-008E-414D-986A-2D01E0FE6436}.Release|x86.Build.0 = Release|Any CPU
		{1264C35B-5B22-49D0-8BBF-73F0FF0B369D}.Debug|Any CPU.ActiveCfg = Debug|Any CPU
		{1264C35B-5B22-49D0-8BBF-73F0FF0B369D}.Debug|Any CPU.Build.0 = Debug|Any CPU
		{1264C35B-5B22-49D0-8BBF-73F0FF0B369D}.Debug|x64.ActiveCfg = Debug|Any CPU
		{1264C35B-5B22-49D0-8BBF-73F0FF0B369D}.Debug|x64.Build.0 = Debug|Any CPU
		{1264C35B-5B22-49D0-8BBF-73F0FF0B369D}.Debug|x86.ActiveCfg = Debug|Any CPU
		{1264C35B-5B22-49D0-8BBF-73F0FF0B369D}.Debug|x86.Build.0 = Debug|Any CPU
		{1264C35B-5B22-49D0-8BBF-73F0FF0B369D}.Release|Any CPU.ActiveCfg = Release|Any CPU
		{1264C35B-5B22-49D0-8BBF-73F0FF0B369D}.Release|Any CPU.Build.0 = Release|Any CPU
		{1264C35B-5B22-49D0-8BBF-73F0FF0B369D}.Release|x64.ActiveCfg = Release|Any CPU
		{1264C35B-5B22-49D0-8BBF-73F0FF0B369D}.Release|x64.Build.0 = Release|Any CPU
		{1264C35B-5B22-49D0-8BBF-73F0FF0B369D}.Release|x86.ActiveCfg = Release|Any CPU
		{1264C35B-5B22-49D0-8BBF-73F0FF0B369D}.Release|x86.Build.0 = Release|Any CPU
		{BCAB70D2-4721-4BA2-B1F7-B31840281796}.Debug|Any CPU.ActiveCfg = Debug|Any CPU
		{BCAB70D2-4721-4BA2-B1F7-B31840281796}.Debug|Any CPU.Build.0 = Debug|Any CPU
		{BCAB70D2-4721-4BA2-B1F7-B31840281796}.Debug|x64.ActiveCfg = Debug|Any CPU
		{BCAB70D2-4721-4BA2-B1F7-B31840281796}.Debug|x64.Build.0 = Debug|Any CPU
		{BCAB70D2-4721-4BA2-B1F7-B31840281796}.Debug|x86.ActiveCfg = Debug|Any CPU
		{BCAB70D2-4721-4BA2-B1F7-B31840281796}.Debug|x86.Build.0 = Debug|Any CPU
		{BCAB70D2-4721-4BA2-B1F7-B31840281796}.Release|Any CPU.ActiveCfg = Release|Any CPU
		{BCAB70D2-4721-4BA2-B1F7-B31840281796}.Release|Any CPU.Build.0 = Release|Any CPU
		{BCAB70D2-4721-4BA2-B1F7-B31840281796}.Release|x64.ActiveCfg = Release|Any CPU
		{BCAB70D2-4721-4BA2-B1F7-B31840281796}.Release|x64.Build.0 = Release|Any CPU
		{BCAB70D2-4721-4BA2-B1F7-B31840281796}.Release|x86.ActiveCfg = Release|Any CPU
		{BCAB70D2-4721-4BA2-B1F7-B31840281796}.Release|x86.Build.0 = Release|Any CPU
		{A2E7D5B5-CE21-41D0-B76A-8C7A1F7669D6}.Debug|Any CPU.ActiveCfg = Debug|Any CPU
		{A2E7D5B5-CE21-41D0-B76A-8C7A1F7669D6}.Debug|Any CPU.Build.0 = Debug|Any CPU
		{A2E7D5B5-CE21-41D0-B76A-8C7A1F7669D6}.Debug|x64.ActiveCfg = Debug|Any CPU
		{A2E7D5B5-CE21-41D0-B76A-8C7A1F7669D6}.Debug|x64.Build.0 = Debug|Any CPU
		{A2E7D5B5-CE21-41D0-B76A-8C7A1F7669D6}.Debug|x86.ActiveCfg = Debug|Any CPU
		{A2E7D5B5-CE21-41D0-B76A-8C7A1F7669D6}.Debug|x86.Build.0 = Debug|Any CPU
		{A2E7D5B5-CE21-41D0-B76A-8C7A1F7669D6}.Release|Any CPU.ActiveCfg = Release|Any CPU
		{A2E7D5B5-CE21-41D0-B76A-8C7A1F7669D6}.Release|Any CPU.Build.0 = Release|Any CPU
		{A2E7D5B5-CE21-41D0-B76A-8C7A1F7669D6}.Release|x64.ActiveCfg = Release|Any CPU
		{A2E7D5B5-CE21-41D0-B76A-8C7A1F7669D6}.Release|x64.Build.0 = Release|Any CPU
		{A2E7D5B5-CE21-41D0-B76A-8C7A1F7669D6}.Release|x86.ActiveCfg = Release|Any CPU
		{A2E7D5B5-CE21-41D0-B76A-8C7A1F7669D6}.Release|x86.Build.0 = Release|Any CPU
		{41D9B34B-93AD-459B-875B-C4E7253AA76B}.Debug|Any CPU.ActiveCfg = Debug|Any CPU
		{41D9B34B-93AD-459B-875B-C4E7253AA76B}.Debug|Any CPU.Build.0 = Debug|Any CPU
		{41D9B34B-93AD-459B-875B-C4E7253AA76B}.Debug|x64.ActiveCfg = Debug|Any CPU
		{41D9B34B-93AD-459B-875B-C4E7253AA76B}.Debug|x64.Build.0 = Debug|Any CPU
		{41D9B34B-93AD-459B-875B-C4E7253AA76B}.Debug|x86.ActiveCfg = Debug|Any CPU
		{41D9B34B-93AD-459B-875B-C4E7253AA76B}.Debug|x86.Build.0 = Debug|Any CPU
		{41D9B34B-93AD-459B-875B-C4E7253AA76B}.Release|Any CPU.ActiveCfg = Release|Any CPU
		{41D9B34B-93AD-459B-875B-C4E7253AA76B}.Release|Any CPU.Build.0 = Release|Any CPU
		{41D9B34B-93AD-459B-875B-C4E7253AA76B}.Release|x64.ActiveCfg = Release|Any CPU
		{41D9B34B-93AD-459B-875B-C4E7253AA76B}.Release|x64.Build.0 = Release|Any CPU
		{41D9B34B-93AD-459B-875B-C4E7253AA76B}.Release|x86.ActiveCfg = Release|Any CPU
		{41D9B34B-93AD-459B-875B-C4E7253AA76B}.Release|x86.Build.0 = Release|Any CPU
		{82613CA6-BD1C-40A1-89B2-662D7645BCE3}.Debug|Any CPU.ActiveCfg = Debug|Any CPU
		{82613CA6-BD1C-40A1-89B2-662D7645BCE3}.Debug|Any CPU.Build.0 = Debug|Any CPU
		{82613CA6-BD1C-40A1-89B2-662D7645BCE3}.Debug|x64.ActiveCfg = Debug|Any CPU
		{82613CA6-BD1C-40A1-89B2-662D7645BCE3}.Debug|x64.Build.0 = Debug|Any CPU
		{82613CA6-BD1C-40A1-89B2-662D7645BCE3}.Debug|x86.ActiveCfg = Debug|Any CPU
		{82613CA6-BD1C-40A1-89B2-662D7645BCE3}.Debug|x86.Build.0 = Debug|Any CPU
		{82613CA6-BD1C-40A1-89B2-662D7645BCE3}.Release|Any CPU.ActiveCfg = Release|Any CPU
		{82613CA6-BD1C-40A1-89B2-662D7645BCE3}.Release|Any CPU.Build.0 = Release|Any CPU
		{82613CA6-BD1C-40A1-89B2-662D7645BCE3}.Release|x64.ActiveCfg = Release|Any CPU
		{82613CA6-BD1C-40A1-89B2-662D7645BCE3}.Release|x64.Build.0 = Release|Any CPU
		{82613CA6-BD1C-40A1-89B2-662D7645BCE3}.Release|x86.ActiveCfg = Release|Any CPU
		{82613CA6-BD1C-40A1-89B2-662D7645BCE3}.Release|x86.Build.0 = Release|Any CPU
		{37EB13C0-C1B4-4359-98FA-DADBDEB17843}.Debug|Any CPU.ActiveCfg = Debug|Any CPU
		{37EB13C0-C1B4-4359-98FA-DADBDEB17843}.Debug|Any CPU.Build.0 = Debug|Any CPU
		{37EB13C0-C1B4-4359-98FA-DADBDEB17843}.Debug|x64.ActiveCfg = Debug|Any CPU
		{37EB13C0-C1B4-4359-98FA-DADBDEB17843}.Debug|x64.Build.0 = Debug|Any CPU
		{37EB13C0-C1B4-4359-98FA-DADBDEB17843}.Debug|x86.ActiveCfg = Debug|Any CPU
		{37EB13C0-C1B4-4359-98FA-DADBDEB17843}.Debug|x86.Build.0 = Debug|Any CPU
		{37EB13C0-C1B4-4359-98FA-DADBDEB17843}.Release|Any CPU.ActiveCfg = Release|Any CPU
		{37EB13C0-C1B4-4359-98FA-DADBDEB17843}.Release|Any CPU.Build.0 = Release|Any CPU
		{37EB13C0-C1B4-4359-98FA-DADBDEB17843}.Release|x64.ActiveCfg = Release|Any CPU
		{37EB13C0-C1B4-4359-98FA-DADBDEB17843}.Release|x64.Build.0 = Release|Any CPU
		{37EB13C0-C1B4-4359-98FA-DADBDEB17843}.Release|x86.ActiveCfg = Release|Any CPU
		{37EB13C0-C1B4-4359-98FA-DADBDEB17843}.Release|x86.Build.0 = Release|Any CPU
	EndGlobalSection
	GlobalSection(SolutionProperties) = preSolution
		HideSolutionNode = FALSE
	EndGlobalSection
	GlobalSection(NestedProjects) = preSolution
		{8D626EA8-CB54-BC41-363A-217881BEBA6E} = {827E0CD3-B72D-47B6-A68D-7590B98EB39B}
		{7963EDBA-5606-41DC-B3C7-372D0598DD97} = {8D626EA8-CB54-BC41-363A-217881BEBA6E}
		{35402017-EAF9-4567-BCF3-812E697D16BA} = {8D626EA8-CB54-BC41-363A-217881BEBA6E}
		{35CA16F4-9AB8-4CC0-B81A-8794FF50164F} = {8D626EA8-CB54-BC41-363A-217881BEBA6E}
		{9180643E-7B78-4197-9AFB-FD8C65FB7519} = {8D626EA8-CB54-BC41-363A-217881BEBA6E}
		{B6D9E8C2-2EE9-76DA-9587-0A51DFA702B5} = {827E0CD3-B72D-47B6-A68D-7590B98EB39B}
		{25EC1AA8-3545-4881-8A3F-39DBEF3F6781} = {B6D9E8C2-2EE9-76DA-9587-0A51DFA702B5}
		{56CFADF6-18F5-4868-8B0F-720C67DEFA76} = {B6D9E8C2-2EE9-76DA-9587-0A51DFA702B5}
		{2EE49977-B2D9-4395-956E-21FF0E0104AB} = {B6D9E8C2-2EE9-76DA-9587-0A51DFA702B5}
		{914F846E-CA2F-414D-95FD-C91F2DD8D0A6} = {B6D9E8C2-2EE9-76DA-9587-0A51DFA702B5}
		{FD4F250C-008E-414D-986A-2D01E0FE6436} = {B6D9E8C2-2EE9-76DA-9587-0A51DFA702B5}
		{1264C35B-5B22-49D0-8BBF-73F0FF0B369D} = {B6D9E8C2-2EE9-76DA-9587-0A51DFA702B5}
		{BCAB70D2-4721-4BA2-B1F7-B31840281796} = {B6D9E8C2-2EE9-76DA-9587-0A51DFA702B5}
		{A2E7D5B5-CE21-41D0-B76A-8C7A1F7669D6} = {0AB3BF05-4346-4AA6-1389-037BE0695223}
		{41D9B34B-93AD-459B-875B-C4E7253AA76B} = {0AB3BF05-4346-4AA6-1389-037BE0695223}
		{82613CA6-BD1C-40A1-89B2-662D7645BCE3} = {0AB3BF05-4346-4AA6-1389-037BE0695223}
		{37EB13C0-C1B4-4359-98FA-DADBDEB17843} = {0AB3BF05-4346-4AA6-1389-037BE0695223}
	EndGlobalSection
EndGlobal
