<Solution>
  <Configurations>
    <Platform Name="Any CPU" />
    <Platform Name="x64" />
    <Platform Name="x86" />
  </Configurations>
  <Folder Name="/packages/">
    <Project Path="src/packages/bOps.Packages.Docker/bOps.Packages.Docker.csproj" />
    <Project Path="src/packages/bOps.Packages.Filesystem/bOps.Packages.Filesystem.csproj" />
    <Project Path="src/packages/bOps.Packages.Network/bOps.Packages.Network.csproj" />
    <Project Path="src/packages/bOps.Packages.Web/bOps.Packages.Web.csproj" />
  </Folder>
  <Folder Name="/samples/">
    <Project Path="samples/bops-sample-plugin/Acme.SamplePlugin.csproj" />
  </Folder>
  <Folder Name="/src/">
    <Project Path="src/bOps.AppHost/bOps.AppHost.csproj" />
  </Folder>
  <Folder Name="/src/core/">
    <Project Path="src/core/bOps.Abstractions/bOps.Abstractions.csproj" />
    <Project Path="src/core/bOps.Api/bOps.Api.csproj" />
    <Project Path="src/core/bOps.Audit/bOps.Audit.csproj" />
    <Project Path="src/core/bOps.Cli/bOps.Cli.csproj" />
    <Project Path="src/core/bOps.Memory/bOps.Memory.csproj" />
    <Project Path="src/core/bOps.PluginHost/bOps.PluginHost.csproj" />
    <Project Path="src/core/bOps.Policy/bOps.Policy.csproj" />
    <Project Path="src/core/bOps.Runtime/bOps.Runtime.csproj" />
  </Folder>
  <Folder Name="/src/packages/">
    <Project Path="src/packages/bOps.Packages.Providers.Anthropic/bOps.Packages.Providers.Anthropic.csproj" />
    <Project Path="src/packages/bOps.Packages.Providers.DeepSeek/bOps.Packages.Providers.DeepSeek.csproj" />
    <Project Path="src/packages/bOps.Packages.Providers.LlamaCpp/bOps.Packages.Providers.LlamaCpp.csproj" />
    <Project Path="src/packages/bOps.Packages.Providers.Ollama/bOps.Packages.Providers.Ollama.csproj" />
    <Project Path="src/packages/bOps.Packages.Providers.OpenAi/bOps.Packages.Providers.OpenAi.csproj" />
    <Project Path="src/packages/bOps.Packages.Providers.OpenAiCompatible/bOps.Packages.Providers.OpenAiCompatible.csproj" />
    <Project Path="src/packages/bOps.Packages.Providers.OpenRouter/bOps.Packages.Providers.OpenRouter.csproj" />
    <Project Path="src/packages/bOps.Packages.Network.Native.Core/bOps.Packages.Network.Native.Core.csproj" />
    <Project Path="src/packages/bOps.Packages.Network.Native.Linux/bOps.Packages.Network.Native.Linux.csproj" />
    <Project Path="src/packages/bOps.Packages.Network.Native.Windows/bOps.Packages.Network.Native.Windows.csproj" />
    <Project Path="src/packages/bOps.Packages.Storage.Core/bOps.Packages.Storage.Core.csproj" />
    <Project Path="src/packages/bOps.Packages.Storage.Linux/bOps.Packages.Storage.Linux.csproj" />
    <Project Path="src/packages/bOps.Packages.Storage.Windows/bOps.Packages.Storage.Windows.csproj" />
    <Project Path="src/packages/bOps.Packages.Service.Core/bOps.Packages.Service.Core.csproj" />
    <Project Path="src/packages/bOps.Packages.Service.Linux/bOps.Packages.Service.Linux.csproj" />
    <Project Path="src/packages/bOps.Packages.Service.Windows/bOps.Packages.Service.Windows.csproj" />
    <Project Path="src/packages/bOps.Packages.System.Core/bOps.Packages.System.Core.csproj" />
    <Project Path="src/packages/bOps.Packages.System.Linux/bOps.Packages.System.Linux.csproj" />
    <Project Path="src/packages/bOps.Packages.System.Windows/bOps.Packages.System.Windows.csproj" />
    <Project Path="src/packages/bOps.Packages.Scheduler.Core/bOps.Packages.Scheduler.Core.csproj" />
    <Project Path="src/packages/bOps.Packages.Scheduler.Windows/bOps.Packages.Scheduler.Windows.csproj" />
  </Folder>
  <Folder Name="/tests/">
    <Project Path="tests/bOps.Api.Tests/bOps.Api.Tests.csproj" />
    <Project Path="tests/bOps.Architecture.Tests/bOps.Architecture.Tests.csproj" />
    <Project Path="tests/bOps.Audit.Tests/bOps.Audit.Tests.csproj" />
    <Project Path="tests/bOps.Cli.Tests/bOps.Cli.Tests.csproj" />
    <Project Path="tests/bOps.Memory.Tests/bOps.Memory.Tests.csproj" />
    <Project Path="tests/bOps.Packages.Docker.Tests/bOps.Packages.Docker.Tests.csproj" />
    <Project Path="tests/bOps.Packages.Filesystem.Tests/bOps.Packages.Filesystem.Tests.csproj" />
    <Project Path="tests/bOps.Packages.Network.Native.Conformance/bOps.Packages.Network.Native.Conformance.csproj" />
    <Project Path="tests/bOps.Packages.Network.Native.Core.Tests/bOps.Packages.Network.Native.Core.Tests.csproj" />
    <Project Path="tests/bOps.Packages.Network.Native.Linux.Tests/bOps.Packages.Network.Native.Linux.Tests.csproj" />
    <Project Path="tests/bOps.Packages.Network.Native.Windows.Tests/bOps.Packages.Network.Native.Windows.Tests.csproj" />
    <Project Path="tests/bOps.Packages.Network.Tests/bOps.Packages.Network.Tests.csproj" />
    <Project Path="tests/bOps.Packages.Storage.Conformance/bOps.Packages.Storage.Conformance.csproj" />
    <Project Path="tests/bOps.Packages.Storage.Core.Tests/bOps.Packages.Storage.Core.Tests.csproj" />
    <Project Path="tests/bOps.Packages.Storage.Linux.Tests/bOps.Packages.Storage.Linux.Tests.csproj" />
    <Project Path="tests/bOps.Packages.Storage.Windows.Tests/bOps.Packages.Storage.Windows.Tests.csproj" />
    <Project Path="tests/bOps.Packages.Web.Tests/bOps.Packages.Web.Tests.csproj" />
    <Project Path="tests/bOps.Packages.Providers.Anthropic.Tests/bOps.Packages.Providers.Anthropic.Tests.csproj" />
    <Project Path="tests/bOps.Packages.Providers.OpenAiCompatible.Tests/bOps.Packages.Providers.OpenAiCompatible.Tests.csproj" />
    <Project Path="tests/bOps.Packages.Service.Conformance/bOps.Packages.Service.Conformance.csproj" />
    <Project Path="tests/bOps.Packages.Service.Linux.Tests/bOps.Packages.Service.Linux.Tests.csproj" />
    <Project Path="tests/bOps.Packages.Service.Windows.Tests/bOps.Packages.Service.Windows.Tests.csproj" />
    <Project Path="tests/bOps.Packages.System.Conformance/bOps.Packages.System.Conformance.csproj" />
    <Project Path="tests/bOps.Packages.System.Core.Tests/bOps.Packages.System.Core.Tests.csproj" />
    <Project Path="tests/bOps.Packages.System.Linux.Tests/bOps.Packages.System.Linux.Tests.csproj" />
    <Project Path="tests/bOps.Packages.System.Windows.Tests/bOps.Packages.System.Windows.Tests.csproj" />
    <Project Path="tests/bOps.Packages.Scheduler.Conformance/bOps.Packages.Scheduler.Conformance.csproj" />
    <Project Path="tests/bOps.Packages.Scheduler.Core.Tests/bOps.Packages.Scheduler.Core.Tests.csproj" />
    <Project Path="tests/bOps.Packages.Scheduler.Windows.Tests/bOps.Packages.Scheduler.Windows.Tests.csproj" />
    <Project Path="tests/bOps.PluginHost.Tests/bOps.PluginHost.Tests.csproj" />
    <Project Path="tests/bOps.Policy.Tests/bOps.Policy.Tests.csproj" />
    <Project Path="tests/bOps.Runtime.Tests/bOps.Runtime.Tests.csproj" />
    <Project Path="tests/bOps.TestFixtures.WindowsService/bOps.TestFixtures.WindowsService.csproj" />
  </Folder>
</Solution>
